
Microsoft Visual Studio Solution File, Format Version 12.00
# Visual Studio Version 17
VisualStudioVersion = 17.13.35931.197
MinimumVisualStudioVersion = 10.0.40219.1
Project("{8BC9CEB8-8B4A-11D0-8D11-00A0C91BC942}") = "Cpp_project", "Cpp_project\Cpp_project.vcxproj", "{56831B30-8363-4E95-B16B-4FDE7BF9B105}"
EndProject
Project("{8BC9CEB8-8B4A-11D0-8D11-00A0C91BC942}") = "class1th single_rinked_list", "class1th single_rinked_list\class1th single_rinked_list.vcxproj", "{8323B040-2F3C-4A72-8D5D-29A8E960ABAC}"
EndProject
Project("{8BC9CEB8-8B4A-11D0-8D11-00A0C91BC942}") = "Class2th double linked", "Class2th double linked\Class2th double linked.vcxproj", "{E8D47E6F-0F19-4D67-B349-B42CC20CD222}"
EndProject
Project("{2150E333-8FDC-42A3-9474-1A3956D46DE8}") = "Solution Items", "Solution Items", "{C8D5274F-AC00-46C7-1F8D-E88E81087A52}"
	ProjectSection(SolutionItems) = preProject
		.editorconfig = .editorconfig
	EndProjectSection
EndProject
Project("{8BC9CEB8-8B4A-11D0-8D11-00A0C91BC942}") = "Class3th Circlelist", "Class3th Circlelist\Class3th Circlelist.vcxproj", "{316B097E-AF3C-4855-A3C7-8618050CC8C1}"
EndProject
Project("{8BC9CEB8-8B4A-11D0-8D11-00A0C91BC942}") = "Class4th Vector", "Class4th Vector\Class4th Vector.vcxproj", "{1E947A5A-D682-4783-8FCB-01C52BF8433F}"
EndProject
Project("{8BC9CEB8-8B4A-11D0-8D11-00A0C91BC942}") = "Class5th String", "Class5th String\Class5th String.vcxproj", "{CB818FFC-E1CE-4690-BB52-37168156E7EA}"
EndProject
Project("{8BC9CEB8-8B4A-11D0-8D11-00A0C91BC942}") = "Class6th Stack", "Class6th Stack\Class6th Stack.vcxproj", "{CA050186-F702-4C91-9399-7301CF16C97C}"
EndProject
Project("{8BC9CEB8-8B4A-11D0-8D11-00A0C91BC942}") = "Class7th LinearQueue", "Class7th LinearQueue\Class7th LinearQueue.vcxproj", "{FE94E04E-1C0D-4A62-8D4B-5A9BD2BD3AAA}"
EndProject
Project("{8BC9CEB8-8B4A-11D0-8D11-00A0C91BC942}") = "Class8th CirclQueue", "Class8th CirclQueue\Class8th CirclQueue.vcxproj", "{E4E9D8C3-CC32-4A94-8FE4-BC5286A4C2E9}"
EndProject
Project("{8BC9CEB8-8B4A-11D0-8D11-00A0C91BC942}") = "Class8th priorityQueue", "Class8th priorityQueue\Class8th priorityQueue.vcxproj", "{AEA7C60C-C1B7-473B-BCFF-12BB0B72823E}"
EndProject
Global
	GlobalSection(SolutionConfigurationPlatforms) = preSolution
		Debug|x64 = Debug|x64
		Debug|x86 = Debug|x86
		Release|x64 = Release|x64
		Release|x86 = Release|x86
	EndGlobalSection
	GlobalSection(ProjectConfigurationPlatforms) = postSolution
		{56831B30-8363-4E95-B16B-4FDE7BF9B105}.Debug|x64.ActiveCfg = Debug|x64
		{56831B30-8363-4E95-B16B-4FDE7BF9B105}.Debug|x64.Build.0 = Debug|x64
		{56831B30-8363-4E95-B16B-4FDE7BF9B105}.Debug|x86.ActiveCfg = Debug|Win32
		{56831B30-8363-4E95-B16B-4FDE7BF9B105}.Debug|x86.Build.0 = Debug|Win32
		{56831B30-8363-4E95-B16B-4FDE7BF9B105}.Release|x64.ActiveCfg = Release|x64
		{56831B30-8363-4E95-B16B-4FDE7BF9B105}.Release|x64.Build.0 = Release|x64
		{56831B30-8363-4E95-B16B-4FDE7BF9B105}.Release|x86.ActiveCfg = Release|Win32
		{56831B30-8363-4E95-B16B-4FDE7BF9B105}.Release|x86.Build.0 = Release|Win32
		{8323B040-2F3C-4A72-8D5D-29A8E960ABAC}.Debug|x64.ActiveCfg = Debug|x64
		{8323B040-2F3C-4A72-8D5D-29A8E960ABAC}.Debug|x64.Build.0 = Debug|x64
		{8323B040-2F3C-4A72-8D5D-29A8E960ABAC}.Debug|x86.ActiveCfg = Debug|Win32
		{8323B040-2F3C-4A72-8D5D-29A8E960ABAC}.Debug|x86.Build.0 = Debug|Win32
		{8323B040-2F3C-4A72-8D5D-29A8E960ABAC}.Release|x64.ActiveCfg = Release|x64
		{8323B040-2F3C-4A72-8D5D-29A8E960ABAC}.Release|x64.Build.0 = Release|x64
		{8323B040-2F3C-4A72-8D5D-29A8E960ABAC}.Release|x86.ActiveCfg = Release|Win32
		{8323B040-2F3C-4A72-8D5D-29A8E960ABAC}.Release|x86.Build.0 = Release|Win32
		{E8D47E6F-0F19-4D67-B349-B42CC20CD222}.Debug|x64.ActiveCfg = Debug|x64
		{E8D47E6F-0F19-4D67-B349-B42CC20CD222}.Debug|x64.Build.0 = Debug|x64
		{E8D47E6F-0F19-4D67-B349-B42CC20CD222}.Debug|x86.ActiveCfg = Debug|Win32
		{E8D47E6F-0F19-4D67-B349-B42CC20CD222}.Debug|x86.Build.0 = Debug|Win32
		{E8D47E6F-0F19-4D67-B349-B42CC20CD222}.Release|x64.ActiveCfg = Release|x64
		{E8D47E6F-0F19-4D67-B349-B42CC20CD222}.Release|x64.Build.0 = Release|x64
		{E8D47E6F-0F19-4D67-B349-B42CC20CD222}.Release|x86.ActiveCfg = Release|Win32
		{E8D47E6F-0F19-4D67-B349-B42CC20CD222}.Release|x86.Build.0 = Release|Win32
		{316B097E-AF3C-4855-A3C7-8618050CC8C1}.Debug|x64.ActiveCfg = Debug|x64
		{316B097E-AF3C-4855-A3C7-8618050CC8C1}.Debug|x64.Build.0 = Debug|x64
		{316B097E-AF3C-4855-A3C7-8618050CC8C1}.Debug|x86.ActiveCfg = Debug|Win32
		{316B097E-AF3C-4855-A3C7-8618050CC8C1}.Debug|x86.Build.0 = Debug|Win32
		{316B097E-AF3C-4855-A3C7-8618050CC8C1}.Release|x64.ActiveCfg = Release|x64
		{316B097E-AF3C-4855-A3C7-8618050CC8C1}.Release|x64.Build.0 = Release|x64
		{316B097E-AF3C-4855-A3C7-8618050CC8C1}.Release|x86.ActiveCfg = Release|Win32
		{316B097E-AF3C-4855-A3C7-8618050CC8C1}.Release|x86.Build.0 = Release|Win32
		{1E947A5A-D682-4783-8FCB-01C52BF8433F}.Debug|x64.ActiveCfg = Debug|x64
		{1E947A5A-D682-4783-8FCB-01C52BF8433F}.Debug|x64.Build.0 = Debug|x64
		{1E947A5A-D682-4783-8FCB-01C52BF8433F}.Debug|x86.ActiveCfg = Debug|Win32
		{1E947A5A-D682-4783-8FCB-01C52BF8433F}.Debug|x86.Build.0 = Debug|Win32
		{1E947A5A-D682-4783-8FCB-01C52BF8433F}.Release|x64.ActiveCfg = Release|x64
		{1E947A5A-D682-4783-8FCB-01C52BF8433F}.Release|x64.Build.0 = Release|x64
		{1E947A5A-D682-4783-8FCB-01C52BF8433F}.Release|x86.ActiveCfg = Release|Win32
		{1E947A5A-D682-4783-8FCB-01C52BF8433F}.Release|x86.Build.0 = Release|Win32
		{CB818FFC-E1CE-4690-BB52-37168156E7EA}.Debug|x64.ActiveCfg = Debug|x64
		{CB818FFC-E1CE-4690-BB52-37168156E7EA}.Debug|x64.Build.0 = Debug|x64
		{CB818FFC-E1CE-4690-BB52-37168156E7EA}.Debug|x86.ActiveCfg = Debug|Win32
		{CB818FFC-E1CE-4690-BB52-37168156E7EA}.Debug|x86.Build.0 = Debug|Win32
		{CB818FFC-E1CE-4690-BB52-37168156E7EA}.Release|x64.ActiveCfg = Release|x64
		{CB818FFC-E1CE-4690-BB52-37168156E7EA}.Release|x64.Build.0 = Release|x64
		{CB818FFC-E1CE-4690-BB52-37168156E7EA}.Release|x86.ActiveCfg = Release|Win32
		{CB818FFC-E1CE-4690-BB52-37168156E7EA}.Release|x86.Build.0 = Release|Win32
		{CA050186-F702-4C91-9399-7301CF16C97C}.Debug|x64.ActiveCfg = Debug|x64
		{CA050186-F702-4C91-9399-7301CF16C97C}.Debug|x64.Build.0 = Debug|x64
		{CA050186-F702-4C91-9399-7301CF16C97C}.Debug|x86.ActiveCfg = Debug|Win32
		{CA050186-F702-4C91-9399-7301CF16C97C}.Debug|x86.Build.0 = Debug|Win32
		{CA050186-F702-4C91-9399-7301CF16C97C}.Release|x64.ActiveCfg = Release|x64
		{CA050186-F702-4C91-9399-7301CF16C97C}.Release|x64.Build.0 = Release|x64
		{CA050186-F702-4C91-9399-7301CF16C97C}.Release|x86.ActiveCfg = Release|Win32
		{CA050186-F702-4C91-9399-7301CF16C97C}.Release|x86.Build.0 = Release|Win32
		{FE94E04E-1C0D-4A62-8D4B-5A9BD2BD3AAA}.Debug|x64.ActiveCfg = Debug|x64
		{FE94E04E-1C0D-4A62-8D4B-5A9BD2BD3AAA}.Debug|x64.Build.0 = Debug|x64
		{FE94E04E-1C0D-4A62-8D4B-5A9BD2BD3AAA}.Debug|x86.ActiveCfg = Debug|Win32
		{FE94E04E-1C0D-4A62-8D4B-5A9BD2BD3AAA}.Debug|x86.Build.0 = Debug|Win32
		{FE94E04E-1C0D-4A62-8D4B-5A9BD2BD3AAA}.Release|x64.ActiveCfg = Release|x64
		{FE94E04E-1C0D-4A62-8D4B-5A9BD2BD3AAA}.Release|x64.Build.0 = Release|x64
		{FE94E04E-1C0D-4A62-8D4B-5A9BD2BD3AAA}.Release|x86.ActiveCfg = Release|Win32
		{FE94E04E-1C0D-4A62-8D4B-5A9BD2BD3AAA}.Release|x86.Build.0 = Release|Win32
		{E4E9D8C3-CC32-4A94-8FE4-BC5286A4C2E9}.Debug|x64.ActiveCfg = Debug|x64
		{E4E9D8C3-CC32-4A94-8FE4-BC5286A4C2E9}.Debug|x64.Build.0 = Debug|x64
		{E4E9D8C3-CC32-4A94-8FE4-BC5286A4C2E9}.Debug|x86.ActiveCfg = Debug|Win32
		{E4E9D8C3-CC32-4A94-8FE4-BC5286A4C2E9}.Debug|x86.Build.0 = Debug|Win32
		{E4E9D8C3-CC32-4A94-8FE4-BC5286A4C2E9}.Release|x64.ActiveCfg = Release|x64
		{E4E9D8C3-CC32-4A94-8FE4-BC5286A4C2E9}.Release|x64.Build.0 = Release|x64
		{E4E9D8C3-CC32-4A94-8FE4-BC5286A4C2E9}.Release|x86.ActiveCfg = Release|Win32
		{E4E9D8C3-CC32-4A94-8FE4-BC5286A4C2E9}.Release|x86.Build.0 = Release|Win32
		{AEA7C60C-C1B7-473B-BCFF-12BB0B72823E}.Debug|x64.ActiveCfg = Debug|x64
		{AEA7C60C-C1B7-473B-BCFF-12BB0B72823E}.Debug|x64.Build.0 = Debug|x64
		{AEA7C60C-C1B7-473B-BCFF-12BB0B72823E}.Debug|x86.ActiveCfg = Debug|Win32
		{AEA7C60C-C1B7-473B-BCFF-12BB0B72823E}.Debug|x86.Build.0 = Debug|Win32
		{AEA7C60C-C1B7-473B-BCFF-12BB0B72823E}.Release|x64.ActiveCfg = Release|x64
		{AEA7C60C-C1B7-473B-BCFF-12BB0B72823E}.Release|x64.Build.0 = Release|x64
		{AEA7C60C-C1B7-473B-BCFF-12BB0B72823E}.Release|x86.ActiveCfg = Release|Win32
		{AEA7C60C-C1B7-473B-BCFF-12BB0B72823E}.Release|x86.Build.0 = Release|Win32
	EndGlobalSection
	GlobalSection(SolutionProperties) = preSolution
		HideSolutionNode = FALSE
	EndGlobalSection
	GlobalSection(ExtensibilityGlobals) = postSolution
		SolutionGuid = {84B18953-8269-488E-B1FA-2C2FE8C1F299}
	EndGlobalSection
EndGlobal
